// !$*UTF8*$!
{
	archiveVersion = 1;
	classes = {
	};
	objectVersion = 48;
	objects = {

/* Begin PBXBuildFile section */
		92F7A8521F8663B1008BA943 /* AppDelegate.swift in Sources */ = {isa = PBXBuildFile; fileRef = 92F7A8511F8663B1008BA943 /* AppDelegate.swift */; };
		92F7A8541F8663B1008BA943 /* ViewController.swift in Sources */ = {isa = PBXBuildFile; fileRef = 92F7A8531F8663B1008BA943 /* ViewController.swift */; };
		92F7A8571F8663B1008BA943 /* Main.storyboard in Resources */ = {isa = PBXBuildFile; fileRef = 92F7A8551F8663B1008BA943 /* Main.storyboard */; };
		92F7A8591F8663B1008BA943 /* Assets.xcassets in Resources */ = {isa = PBXBuildFile; fileRef = 92F7A8581F8663B1008BA943 /* Assets.xcassets */; };
		92F7A85C1F8663B1008BA943 /* LaunchScreen.storyboard in Resources */ = {isa = PBXBuildFile; fileRef = 92F7A85A1F8663B1008BA943 /* LaunchScreen.storyboard */; };
		92F7A8671F8663B1008BA943 /* FitImageTests.swift in Sources */ = {isa = PBXBuildFile; fileRef = 92F7A8661F8663B1008BA943 /* FitImageTests.swift */; };
		92F7A8721F8663B1008BA943 /* FitImageUITests.swift in Sources */ = {isa = PBXBuildFile; fileRef = 92F7A8711F8663B1008BA943 /* FitImageUITests.swift */; };
/* End PBXBuildFile section */

/* Begin PBXContainerItemProxy section */
		92F7A8631F8663B1008BA943 /* PBXContainerItemProxy */ = {
			isa = PBXContainerItemProxy;
			containerPortal = 92F7A8461F8663B1008BA943 /* Project object */;
			proxyType = 1;
			remoteGlobalIDString = 92F7A84D1F8663B1008BA943;
			remoteInfo = FitImage;
		};
		92F7A86E1F8663B1008BA943 /* PBXContainerItemProxy */ = {
			isa = PBXContainerItemProxy;
			containerPortal = 92F7A8461F8663B1008BA943 /* Project object */;
			proxyType = 1;
			remoteGlobalIDString = 92F7A84D1F8663B1008BA943;
			remoteInfo = FitImage;
		};
/* End PBXContainerItemProxy section */

/* Begin PBXFileReference section */
		92F7A84E1F8663B1008BA943 /* FitImage.app */ = {isa = PBXFileReference; explicitFileType = wrapper.application; includeInIndex = 0; path = FitImage.app; sourceTree = BUILT_PRODUCTS_DIR; };
		92F7A8511F8663B1008BA943 /* AppDelegate.swift */ = {isa = PBXFileReference; lastKnownFileType = sourcecode.swift; path = AppDelegate.swift; sourceTree = "<group>"; };
		92F7A8531F8663B1008BA943 /* ViewController.swift */ = {isa = PBXFileReference; lastKnownFileType = sourcecode.swift; path = ViewController.swift; sourceTree = "<group>"; };
		92F7A8561F8663B1008BA943 /* Base */ = {isa = PBXFileReference; lastKnownFileType = file.storyboard; name = Base; path = Base.lproj/Main.storyboard; sourceTree = "<group>"; };
		92F7A8581F8663B1008BA943 /* Assets.xcassets */ = {isa = PBXFileReference; lastKnownFileType = folder.assetcatalog; path = Assets.xcassets; sourceTree = "<group>"; };
		92F7A85B1F8663B1008BA943 /* Base */ = {isa = PBXFileReference; lastKnownFileType = file.storyboard; name = Base; path = Base.lproj/LaunchScreen.storyboard; sourceTree = "<group>"; };
		92F7A85D1F8663B1008BA943 /* Info.plist */ = {isa = PBXFileReference; lastKnownFileType = text.plist.xml; path = Info.plist; sourceTree = "<group>"; };
		92F7A8621F8663B1008BA943 /* FitImageTests.xctest */ = {isa = PBXFileReference; explicitFileType = wrapper.cfbundle; includeInIndex = 0; path = FitImageTests.xctest; sourceTree = BUILT_PRODUCTS_DIR; };
		92F7A8661F8663B1008BA943 /* FitImageTests.swift */ = {isa = PBXFileReference; lastKnownFileType = sourcecode.swift; path = FitImageTests.swift; sourceTree = "<group>"; };
		92F7A8681F8663B1008BA943 /* Info.plist */ = {isa = PBXFileReference; lastKnownFileType = text.plist.xml; path = Info.plist; sourceTree = "<group>"; };
		92F7A86D1F8663B1008BA943 /* FitImageUITests.xctest */ = {isa = PBXFileReference; explicitFileType = wrapper.cfbundle; includeInIndex = 0; path = FitImageUITests.xctest; sourceTree = BUILT_PRODUCTS_DIR; };
		92F7A8711F8663B1008BA943 /* FitImageUITests.swift */ = {isa = PBXFileReference; lastKnownFileType = sourcecode.swift; path = FitImageUITests.swift; sourceTree = "<group>"; };
		92F7A8731F8663B1008BA943 /* Info.plist */ = {isa = PBXFileReference; lastKnownFileType = text.plist.xml; path = Info.plist; sourceTree = "<group>"; };
/* End PBXFileReference section */

/* Begin PBXFrameworksBuildPhase section */
		92F7A84B1F8663B1008BA943 /* Frameworks */ = {
			isa = PBXFrameworksBuildPhase;
			buildActionMask = 2147483647;
			files = (
			);
			runOnlyForDeploymentPostprocessing = 0;
		};
		92F7A85F1F8663B1008BA943 /* Frameworks */ = {
			isa = PBXFrameworksBuildPhase;
			buildActionMask = 2147483647;
			files = (
			);
			runOnlyForDeploymentPostprocessing = 0;
		};
		92F7A86A1F8663B1008BA943 /* Frameworks */ = {
			isa = PBXFrameworksBuildPhase;
			buildActionMask = 2147483647;
			files = (
			);
			runOnlyForDeploymentPostprocessing = 0;
		};
/* End PBXFrameworksBuildPhase section */

/* Begin PBXGroup section */
		92F7A8451F8663B1008BA943 = {
			isa = PBXGroup;
			children = (
				92F7A8501F8663B1008BA943 /* FitImage */,
				92F7A8651F8663B1008BA943 /* FitImageTests */,
				92F7A8701F8663B1008BA943 /* FitImageUITests */,
				92F7A84F1F8663B1008BA943 /* Products */,
			);
			sourceTree = "<group>";
		};
		92F7A84F1F8663B1008BA943 /* Products */ = {
			isa = PBXGroup;
			children = (
				92F7A84E1F8663B1008BA943 /* FitImage.app */,
				92F7A8621F8663B1008BA943 /* FitImageTests.xctest */,
				92F7A86D1F8663B1008BA943 /* FitImageUITests.xctest */,
			);
			name = Products;
			sourceTree = "<group>";
		};
		92F7A8501F8663B1008BA943 /* FitImage */ = {
			isa = PBXGroup;
			children = (
				92F7A8511F8663B1008BA943 /* AppDelegate.swift */,
				92F7A8531F8663B1008BA943 /* ViewController.swift */,
				92F7A8551F8663B1008BA943 /* Main.storyboard */,
				92F7A8581F8663B1008BA943 /* Assets.xcassets */,
				92F7A85A1F8663B1008BA943 /* LaunchScreen.storyboard */,
				92F7A85D1F8663B1008BA943 /* Info.plist */,
			);
			path = FitImage;
			sourceTree = "<group>";
		};
		92F7A8651F8663B1008BA943 /* FitImageTests */ = {
			isa = PBXGroup;
			children = (
				92F7A8661F8663B1008BA943 /* FitImageTests.swift */,
				92F7A8681F8663B1008BA943 /* Info.plist */,
			);
			path = FitImageTests;
			sourceTree = "<group>";
		};
		92F7A8701F8663B1008BA943 /* FitImageUITests */ = {
			isa = PBXGroup;
			children = (
				92F7A8711F8663B1008BA943 /* FitImageUITests.swift */,
				92F7A8731F8663B1008BA943 /* Info.plist */,
			);
			path = FitImageUITests;
			sourceTree = "<group>";
		};
/* End PBXGroup section */

/* Begin PBXNativeTarget section */
		92F7A84D1F8663B1008BA943 /* FitImage */ = {
			isa = PBXNativeTarget;
			buildConfigurationList = 92F7A8761F8663B1008BA943 /* Build configuration list for PBXNativeTarget "FitImage" */;
			buildPhases = (
				92F7A84A1F8663B1008BA943 /* Sources */,
				92F7A84B1F8663B1008BA943 /* Frameworks */,
				92F7A84C1F8663B1008BA943 /* Resources */,
			);
			buildRules = (
			);
			dependencies = (
			);
			name = FitImage;
			productName = FitImage;
			productReference = 92F7A84E1F8663B1008BA943 /* FitImage.app */;
			productType = "com.apple.product-type.application";
		};
		92F7A8611F8663B1008BA943 /* FitImageTests */ = {
			isa = PBXNativeTarget;
			buildConfigurationList = 92F7A8791F8663B1008BA943 /* Build configuration list for PBXNativeTarget "FitImageTests" */;
			buildPhases = (
				92F7A85E1F8663B1008BA943 /* Sources */,
				92F7A85F1F8663B1008BA943 /* Frameworks */,
				92F7A8601F8663B1008BA943 /* Resources */,
			);
			buildRules = (
			);
			dependencies = (
				92F7A8641F8663B1008BA943 /* PBXTargetDependency */,
			);
			name = FitImageTests;
			productName = FitImageTests;
			productReference = 92F7A8621F8663B1008BA943 /* FitImageTests.xctest */;
			productType = "com.apple.product-type.bundle.unit-test";
		};
		92F7A86C1F8663B1008BA943 /* FitImageUITests */ = {
			isa = PBXNativeTarget;
			buildConfigurationList = 92F7A87C1F8663B1008BA943 /* Build configuration list for PBXNativeTarget "FitImageUITests" */;
			buildPhases = (
				92F7A8691F8663B1008BA943 /* Sources */,
				92F7A86A1F8663B1008BA943 /* Frameworks */,
				92F7A86B1F8663B1008BA943 /* Resources */,
			);
			buildRules = (
			);
			dependencies = (
				92F7A86F1F8663B1008BA943 /* PBXTargetDependency */,
			);
			name = FitImageUITests;
			productName = FitImageUITests;
			productReference = 92F7A86D1F8663B1008BA943 /* FitImageUITests.xctest */;
			productType = "com.apple.product-type.bundle.ui-testing";
		};
/* End PBXNativeTarget section */

/* Begin PBXProject section */
		92F7A8461F8663B1008BA943 /* Project object */ = {
			isa = PBXProject;
			attributes = {
				LastSwiftUpdateCheck = 0900;
				LastUpgradeCheck = 0900;
				ORGANIZATIONNAME = davis;
				TargetAttributes = {
					92F7A84D1F8663B1008BA943 = {
						CreatedOnToolsVersion = 9.0;
						ProvisioningStyle = Automatic;
					};
					92F7A8611F8663B1008BA943 = {
						CreatedOnToolsVersion = 9.0;
						ProvisioningStyle = Automatic;
						TestTargetID = 92F7A84D1F8663B1008BA943;
					};
					92F7A86C1F8663B1008BA943 = {
						CreatedOnToolsVersion = 9.0;
						ProvisioningStyle = Automatic;
						TestTargetID = 92F7A84D1F8663B1008BA943;
					};
				};
			};
			buildConfigurationList = 92F7A8491F8663B1008BA943 /* Build configuration list for PBXProject "FitImage" */;
			compatibilityVersion = "Xcode 8.0";
			developmentRegion = en;
			hasScannedForEncodings = 0;
			knownRegions = (
				en,
				Base,
			);
			mainGroup = 92F7A8451F8663B1008BA943;
			productRefGroup = 92F7A84F1F8663B1008BA943 /* Products */;
			projectDirPath = "";
			projectRoot = "";
			targets = (
				92F7A84D1F8663B1008BA943 /* FitImage */,
				92F7A8611F8663B1008BA943 /* FitImageTests */,
				92F7A86C1F8663B1008BA943 /* FitImageUITests */,
			);
		};
/* End PBXProject section */

/* Begin PBXResourcesBuildPhase section */
		92F7A84C1F8663B1008BA943 /* Resources */ = {
			isa = PBXResourcesBuildPhase;
			buildActionMask = 2147483647;
			files = (
				92F7A85C1F8663B1008BA943 /* LaunchScreen.storyboard in Resources */,
				92F7A8591F8663B1008BA943 /* Assets.xcassets in Resources */,
				92F7A8571F8663B1008BA943 /* Main.storyboard in Resources */,
			);
			runOnlyForDeploymentPostprocessing = 0;
		};
		92F7A8601F8663B1008BA943 /* Resources */ = {
			isa = PBXResourcesBuildPhase;
			buildActionMask = 2147483647;
			files = (
			);
			runOnlyForDeploymentPostprocessing = 0;
		};
		92F7A86B1F8663B1008BA943 /* Resources */ = {
			isa = PBXResourcesBuildPhase;
			buildActionMask = 2147483647;
			files = (
			);
			runOnlyForDeploymentPostprocessing = 0;
		};
/* End PBXResourcesBuildPhase section */

/* Begin PBXSourcesBuildPhase section */
		92F7A84A1F8663B1008BA943 /* Sources */ = {
			isa = PBXSourcesBuildPhase;
			buildActionMask = 2147483647;
			files = (
				92F7A8541F8663B1008BA943 /* ViewController.swift in Sources */,
				92F7A8521F8663B1008BA943 /* AppDelegate.swift in Sources */,
			);
			runOnlyForDeploymentPostprocessing = 0;
		};
		92F7A85E1F8663B1008BA943 /* Sources */ = {
			isa = PBXSourcesBuildPhase;
			buildActionMask = 2147483647;
			files = (
				92F7A8671F8663B1008BA943 /* FitImageTests.swift in Sources */,
			);
			runOnlyForDeploymentPostprocessing = 0;
		};
		92F7A8691F8663B1008BA943 /* Sources */ = {
			isa = PBXSourcesBuildPhase;
			buildActionMask = 2147483647;
			files = (
				92F7A8721F8663B1008BA943 /* FitImageUITests.swift in Sources */,
			);
			runOnlyForDeploymentPostprocessing = 0;
		};
/* End PBXSourcesBuildPhase section */

/* Begin PBXTargetDependency section */
		92F7A8641F8663B1008BA943 /* PBXTargetDependency */ = {
			isa = PBXTargetDependency;
			target = 92F7A84D1F8663B1008BA943 /* FitImage */;
			targetProxy = 92F7A8631F8663B1008BA943 /* PBXContainerItemProxy */;
		};
		92F7A86F1F8663B1008BA943 /* PBXTargetDependency */ = {
			isa = PBXTargetDependency;
			target = 92F7A84D1F8663B1008BA943 /* FitImage */;
			targetProxy = 92F7A86E1F8663B1008BA943 /* PBXContainerItemProxy */;
		};
/* End PBXTargetDependency section */

/* Begin PBXVariantGroup section */
		92F7A8551F8663B1008BA943 /* Main.storyboard */ = {
			isa = PBXVariantGroup;
			children = (
				92F7A8561F8663B1008BA943 /* Base */,
			);
			name = Main.storyboard;
			sourceTree = "<group>";
		};
		92F7A85A1F8663B1008BA943 /* LaunchScreen.storyboard */ = {
			isa = PBXVariantGroup;
			children = (
				92F7A85B1F8663B1008BA943 /* Base */,
			);
			name = LaunchScreen.storyboard;
			sourceTree = "<group>";
		};
/* End PBXVariantGroup section */

/* Begin XCBuildConfiguration section */
		92F7A8741F8663B1008BA943 /* Debug */ = {
			isa = XCBuildConfiguration;
			buildSettings = {
				ALWAYS_SEARCH_USER_PATHS = NO;
				CLANG_ANALYZER_NONNULL = YES;
				CLANG_ANALYZER_NUMBER_OBJECT_CONVERSION = YES_AGGRESSIVE;
				CLANG_CXX_LANGUAGE_STANDARD = "gnu++14";
				CLANG_CXX_LIBRARY = "libc++";
				CLANG_ENABLE_MODULES = YES;
				CLANG_ENABLE_OBJC_ARC = YES;
				CLANG_WARN_BLOCK_CAPTURE_AUTORELEASING = YES;
				CLANG_WARN_BOOL_CONVERSION = YES;
				CLANG_WARN_COMMA = YES;
				CLANG_WARN_CONSTANT_CONVERSION = YES;
				CLANG_WARN_DIRECT_OBJC_ISA_USAGE = YES_ERROR;
				CLANG_WARN_DOCUMENTATION_COMMENTS = YES;
				CLANG_WARN_EMPTY_BODY = YES;
				CLANG_WARN_ENUM_CONVERSION = YES;
				CLANG_WARN_INFINITE_RECURSION = YES;
				CLANG_WARN_INT_CONVERSION = YES;
				CLANG_WARN_NON_LITERAL_NULL_CONVERSION = YES;
				CLANG_WARN_OBJC_LITERAL_CONVERSION = YES;
				CLANG_WARN_OBJC_ROOT_CLASS = YES_ERROR;
				CLANG_WARN_RANGE_LOOP_ANALYSIS = YES;
				CLANG_WARN_STRICT_PROTOTYPES = YES;
				CLANG_WARN_SUSPICIOUS_MOVE = YES;
				CLANG_WARN_UNGUARDED_AVAILABILITY = YES_AGGRESSIVE;
				CLANG_WARN_UNREACHABLE_CODE = YES;
				CLANG_WARN__DUPLICATE_METHOD_MATCH = YES;
				CODE_SIGN_IDENTITY = "iPhone Developer";
				COPY_PHASE_STRIP = NO;
				DEBUG_INFORMATION_FORMAT = dwarf;
				ENABLE_STRICT_OBJC_MSGSEND = YES;
				ENABLE_TESTABILITY = YES;
				GCC_C_LANGUAGE_STANDARD = gnu11;
				GCC_DYNAMIC_NO_PIC = NO;
				GCC_NO_COMMON_BLOCKS = YES;
				GCC_OPTIMIZATION_LEVEL = 0;
				GCC_PREPROCESSOR_DEFINITIONS = (
					"DEBUG=1",
					"$(inherited)",
				);
				GCC_WARN_64_TO_32_BIT_CONVERSION = YES;
				GCC_WARN_ABOUT_RETURN_TYPE = YES_ERROR;
				GCC_WARN_UNDECLARED_SELECTOR = YES;
				GCC_WARN_UNINITIALIZED_AUTOS = YES_AGGRESSIVE;
				GCC_WARN_UNUSED_FUNCTION = YES;
				GCC_WARN_UNUSED_VARIABLE = YES;
				IPHONEOS_DEPLOYMENT_TARGET = 11.0;
				MTL_ENABLE_DEBUG_INFO = YES;
				ONLY_ACTIVE_ARCH = YES;
				SDKROOT = iphoneos;
				SWIFT_ACTIVE_COMPILATION_CONDITIONS = DEBUG;
				SWIFT_OPTIMIZATION_LEVEL = "-Onone";
			};
			name = Debug;
		};
		92F7A8751F8663B1008BA943 /* Release */ = {
			isa = XCBuildConfiguration;
			buildSettings = {
				ALWAYS_SEARCH_USER_PATHS = NO;
				CLANG_ANALYZER_NONNULL = YES;
				CLANG_ANALYZER_NUMBER_OBJECT_CONVERSION = YES_AGGRESSIVE;
				CLANG_CXX_LANGUAGE_STANDARD = "gnu++14";
				CLANG_CXX_LIBRARY = "libc++";
				CLANG_ENABLE_MODULES = YES;
				CLANG_ENABLE_OBJC_ARC = YES;
				CLANG_WARN_BLOCK_CAPTURE_AUTORELEASING = YES;
				CLANG_WARN_BOOL_CONVERSION = YES;
				CLANG_WARN_COMMA = YES;
				CLANG_WARN_CONSTANT_CONVERSION = YES;
				CLANG_WARN_DIRECT_OBJC_ISA_USAGE = YES_ERROR;
				CLANG_WARN_DOCUMENTATION_COMMENTS = YES;
				CLANG_WARN_EMPTY_BODY = YES;
				CLANG_WARN_ENUM_CONVERSION = YES;
				CLANG_WARN_INFINITE_RECURSION = YES;
				CLANG_WARN_INT_CONVERSION = YES;
				CLANG_WARN_NON_LITERAL_NULL_CONVERSION = YES;
				CLANG_WARN_OBJC_LITERAL_CONVERSION = YES;
				CLANG_WARN_OBJC_ROOT_CLASS = YES_ERROR;
				CLANG_WARN_RANGE_LOOP_ANALYSIS = YES;
				CLANG_WARN_STRICT_PROTOTYPES = YES;
				CLANG_WARN_SUSPICIOUS_MOVE = YES;
				CLANG_WARN_UNGUARDED_AVAILABILITY = YES_AGGRESSIVE;
				CLANG_WARN_UNREACHABLE_CODE = YES;
				CLANG_WARN__DUPLICATE_METHOD_MATCH = YES;
				CODE_SIGN_IDENTITY = "iPhone Developer";
				COPY_PHASE_STRIP = NO;
				DEBUG_INFORMATION_FORMAT = "dwarf-with-dsym";
				ENABLE_NS_ASSERTIONS = NO;
				ENABLE_STRICT_OBJC_MSGSEND = YES;
				GCC_C_LANGUAGE_STANDARD = gnu11;
				GCC_NO_COMMON_BLOCKS = YES;
				GCC_WARN_64_TO_32_BIT_CONVERSION = YES;
				GCC_WARN_ABOUT_RETURN_TYPE = YES_ERROR;
				GCC_WARN_UNDECLARED_SELECTOR = YES;
				GCC_WARN_UNINITIALIZED_AUTOS = YES_AGGRESSIVE;
				GCC_WARN_UNUSED_FUNCTION = YES;
				GCC_WARN_UNUSED_VARIABLE = YES;
				IPHONEOS_DEPLOYMENT_TARGET = 11.0;
				MTL_ENABLE_DEBUG_INFO = NO;
				SDKROOT = iphoneos;
				SWIFT_OPTIMIZATION_LEVEL = "-Owholemodule";
				VALIDATE_PRODUCT = YES;
			};
			name = Release;
		};
		92F7A8771F8663B1008BA943 /* Debug */ = {
			isa = XCBuildConfiguration;
			buildSettings = {
				ASSETCATALOG_COMPILER_APPICON_NAME = AppIcon;
				CODE_SIGN_STYLE = Automatic;
				INFOPLIST_FILE = FitImage/Info.plist;
				LD_RUNPATH_SEARCH_PATHS = "$(inherited) @executable_path/Frameworks";
				PRODUCT_BUNDLE_IDENTIFIER = davis.FitImage;
				PRODUCT_NAME = "$(TARGET_NAME)";
				SWIFT_VERSION = 4.0;
				TARGETED_DEVICE_FAMILY = "1,2";
			};
			name = Debug;
		};
		92F7A8781F8663B1008BA943 /* Release */ = {
			isa = XCBuildConfiguration;
			buildSettings = {
				ASSETCATALOG_COMPILER_APPICON_NAME = AppIcon;
				CODE_SIGN_STYLE = Automatic;
				INFOPLIST_FILE = FitImage/Info.plist;
				LD_RUNPATH_SEARCH_PATHS = "$(inherited) @executable_path/Frameworks";
				PRODUCT_BUNDLE_IDENTIFIER = davis.FitImage;
				PRODUCT_NAME = "$(TARGET_NAME)";
				SWIFT_VERSION = 4.0;
				TARGETED_DEVICE_FAMILY = "1,2";
			};
			name = Release;
		};
		92F7A87A1F8663B1008BA943 /* Debug */ = {
			isa = XCBuildConfiguration;
			buildSettings = {
				ALWAYS_EMBED_SWIFT_STANDARD_LIBRARIES = YES;
				BUNDLE_LOADER = "$(TEST_HOST)";
				CODE_SIGN_STYLE = Automatic;
				INFOPLIST_FILE = FitImageTests/Info.plist;
				LD_RUNPATH_SEARCH_PATHS = "$(inherited) @executable_path/Frameworks @loader_path/Frameworks";
				PRODUCT_BUNDLE_IDENTIFIER = davis.FitImageTests;
				PRODUCT_NAME = "$(TARGET_NAME)";
				SWIFT_VERSION = 4.0;
				TARGETED_DEVICE_FAMILY = "1,2";
				TEST_HOST = "$(BUILT_PRODUCTS_DIR)/FitImage.app/FitImage";
			};
			name = Debug;
		};
		92F7A87B1F8663B1008BA943 /* Release */ = {
			isa = XCBuildConfiguration;
			buildSettings = {
				ALWAYS_EMBED_SWIFT_STANDARD_LIBRARIES = YES;
				BUNDLE_LOADER = "$(TEST_HOST)";
				CODE_SIGN_STYLE = Automatic;
				INFOPLIST_FILE = FitImageTests/Info.plist;
				LD_RUNPATH_SEARCH_PATHS = "$(inherited) @executable_path/Frameworks @loader_path/Frameworks";
				PRODUCT_BUNDLE_IDENTIFIER = davis.FitImageTests;
				PRODUCT_NAME = "$(TARGET_NAME)";
				SWIFT_VERSION = 4.0;
				TARGETED_DEVICE_FAMILY = "1,2";
				TEST_HOST = "$(BUILT_PRODUCTS_DIR)/FitImage.app/FitImage";
			};
			name = Release;
		};
		92F7A87D1F8663B1008BA943 /* Debug */ = {
			isa = XCBuildConfiguration;
			buildSettings = {
				ALWAYS_EMBED_SWIFT_STANDARD_LIBRARIES = YES;
				CODE_SIGN_STYLE = Automatic;
				INFOPLIST_FILE = FitImageUITests/Info.plist;
				LD_RUNPATH_SEARCH_PATHS = "$(inherited) @executable_path/Frameworks @loader_path/Frameworks";
				PRODUCT_BUNDLE_IDENTIFIER = davis.FitImageUITests;
				PRODUCT_NAME = "$(TARGET_NAME)";
				SWIFT_VERSION = 4.0;
				TARGETED_DEVICE_FAMILY = "1,2";
				TEST_TARGET_NAME = FitImage;
			};
			name = Debug;
		};
		92F7A87E1F8663B1008BA943 /* Release */ = {
			isa = XCBuildConfiguration;
			buildSettings = {
				ALWAYS_EMBED_SWIFT_STANDARD_LIBRARIES = YES;
				CODE_SIGN_STYLE = Automatic;
				INFOPLIST_FILE = FitImageUITests/Info.plist;
				LD_RUNPATH_SEARCH_PATHS = "$(inherited) @executable_path/Frameworks @loader_path/Frameworks";
				PRODUCT_BUNDLE_IDENTIFIER = davis.FitImageUITests;
				PRODUCT_NAME = "$(TARGET_NAME)";
				SWIFT_VERSION = 4.0;
				TARGETED_DEVICE_FAMILY = "1,2";
				TEST_TARGET_NAME = FitImage;
			};
			name = Release;
		};
/* End XCBuildConfiguration section */

/* Begin XCConfigurationList section */
		92F7A8491F8663B1008BA943 /* Build configuration list for PBXProject "FitImage" */ = {
			isa = XCConfigurationList;
			buildConfigurations = (
				92F7A8741F8663B1008BA943 /* Debug */,
				92F7A8751F8663B1008BA943 /* Release */,
			);
			defaultConfigurationIsVisible = 0;
			defaultConfigurationName = Release;
		};
		92F7A8761F8663B1008BA943 /* Build configuration list for PBXNativeTarget "FitImage" */ = {
			isa = XCConfigurationList;
			buildConfigurations = (
				92F7A8771F8663B1008BA943 /* Debug */,
				92F7A8781F8663B1008BA943 /* Release */,
			);
			defaultConfigurationIsVisible = 0;
			defaultConfigurationName = Release;
		};
		92F7A8791F8663B1008BA943 /* Build configuration list for PBXNativeTarget "FitImageTests" */ = {
			isa = XCConfigurationList;
			buildConfigurations = (
				92F7A87A1F8663B1008BA943 /* Debug */,
				92F7A87B1F8663B1008BA943 /* Release */,
			);
			defaultConfigurationIsVisible = 0;
			defaultConfigurationName = Release;
		};
		92F7A87C1F8663B1008BA943 /* Build configuration list for PBXNativeTarget "FitImageUITests" */ = {
			isa = XCConfigurationList;
			buildConfigurations = (
				92F7A87D1F8663B1008BA943 /* Debug */,
				92F7A87E1F8663B1008BA943 /* Release */,
			);
			defaultConfigurationIsVisible = 0;
			defaultConfigurationName = Release;
		};
/* End XCConfigurationList section */
	};
	rootObject = 92F7A8461F8663B1008BA943 /* Project object */;
}
